// !$*UTF8*$!
{
	archiveVersion = 1;
	classes = {
	};
	objectVersion = 50;
	objects = {

/* Begin PBXBuildFile section */
		127295332620AF7E002FFE07 /* AppDelegate.swift in Sources */ = {isa = PBXBuildFile; fileRef = 127295322620AF7E002FFE07 /* AppDelegate.swift */; };
		127295352620AF7E002FFE07 /* SceneDelegate.swift in Sources */ = {isa = PBXBuildFile; fileRef = 127295342620AF7E002FFE07 /* SceneDelegate.swift */; };
		127295372620AF7E002FFE07 /* ContentView.swift in Sources */ = {isa = PBXBuildFile; fileRef = 127295362620AF7E002FFE07 /* ContentView.swift */; };
		127295392620AF7E002FFE07 /* Assets.xcassets in Resources */ = {isa = PBXBuildFile; fileRef = 127295382620AF7E002FFE07 /* Assets.xcassets */; };
		1272953C2620AF7E002FFE07 /* Preview Assets.xcassets in Resources */ = {isa = PBXBuildFile; fileRef = 1272953B2620AF7E002FFE07 /* Preview Assets.xcassets */; };
		1272953F2620AF7E002FFE07 /* LaunchScreen.storyboard in Resources */ = {isa = PBXBuildFile; fileRef = 1272953D2620AF7E002FFE07 /* LaunchScreen.storyboard */; };
		1272954A2620AF7E002FFE07 /* googWeatherTests.swift in Sources */ = {isa = PBXBuildFile; fileRef = 127295492620AF7E002FFE07 /* googWeatherTests.swift */; };
		127295552620AF7E002FFE07 /* googWeatherUITests.swift in Sources */ = {isa = PBXBuildFile; fileRef = 127295542620AF7E002FFE07 /* googWeatherUITests.swift */; };
		127295682620B143002FFE07 /* Weather.swift in Sources */ = {isa = PBXBuildFile; fileRef = 127295672620B143002FFE07 /* Weather.swift */; };
		127295712620BCBC002FFE07 /* WeatherService.swift in Sources */ = {isa = PBXBuildFile; fileRef = 127295702620BCBC002FFE07 /* WeatherService.swift */; };
/* End PBXBuildFile section */

/* Begin PBXContainerItemProxy section */
		127295462620AF7E002FFE07 /* PBXContainerItemProxy */ = {
			isa = PBXContainerItemProxy;
			containerPortal = 127295272620AF7D002FFE07 /* Project object */;
			proxyType = 1;
			remoteGlobalIDString = 1272952E2620AF7D002FFE07;
			remoteInfo = googWeather;
		};
		127295512620AF7E002FFE07 /* PBXContainerItemProxy */ = {
			isa = PBXContainerItemProxy;
			containerPortal = 127295272620AF7D002FFE07 /* Project object */;
			proxyType = 1;
			remoteGlobalIDString = 1272952E2620AF7D002FFE07;
			remoteInfo = googWeather;
		};
/* End PBXContainerItemProxy section */

/* Begin PBXFileReference section */
		1272952F2620AF7E002FFE07 /* googWeather.app */ = {isa = PBXFileReference; explicitFileType = wrapper.application; includeInIndex = 0; path = googWeather.app; sourceTree = BUILT_PRODUCTS_DIR; };
		127295322620AF7E002FFE07 /* AppDelegate.swift */ = {isa = PBXFileReference; lastKnownFileType = sourcecode.swift; path = AppDelegate.swift; sourceTree = "<group>"; };
		127295342620AF7E002FFE07 /* SceneDelegate.swift */ = {isa = PBXFileReference; lastKnownFileType = sourcecode.swift; path = SceneDelegate.swift; sourceTree = "<group>"; };
		127295362620AF7E002FFE07 /* ContentView.swift */ = {isa = PBXFileReference; lastKnownFileType = sourcecode.swift; path = ContentView.swift; sourceTree = "<group>"; };
		127295382620AF7E002FFE07 /* Assets.xcassets */ = {isa = PBXFileReference; lastKnownFileType = folder.assetcatalog; path = Assets.xcassets; sourceTree = "<group>"; };
		1272953B2620AF7E002FFE07 /* Preview Assets.xcassets */ = {isa = PBXFileReference; lastKnownFileType = folder.assetcatalog; path = "Preview Assets.xcassets"; sourceTree = "<group>"; };
		1272953E2620AF7E002FFE07 /* Base */ = {isa = PBXFileReference; lastKnownFileType = file.storyboard; name = Base; path = Base.lproj/LaunchScreen.storyboard; sourceTree = "<group>"; };
		127295402620AF7E002FFE07 /* Info.plist */ = {isa = PBXFileReference; lastKnownFileType = text.plist.xml; path = Info.plist; sourceTree = "<group>"; };
		127295452620AF7E002FFE07 /* googWeatherTests.xctest */ = {isa = PBXFileReference; explicitFileType = wrapper.cfbundle; includeInIndex = 0; path = googWeatherTests.xctest; sourceTree = BUILT_PRODUCTS_DIR; };
		127295492620AF7E002FFE07 /* googWeatherTests.swift */ = {isa = PBXFileReference; lastKnownFileType = sourcecode.swift; path = googWeatherTests.swift; sourceTree = "<group>"; };
		1272954B2620AF7E002FFE07 /* Info.plist */ = {isa = PBXFileReference; lastKnownFileType = text.plist.xml; path = Info.plist; sourceTree = "<group>"; };
		127295502620AF7E002FFE07 /* googWeatherUITests.xctest */ = {isa = PBXFileReference; explicitFileType = wrapper.cfbundle; includeInIndex = 0; path = googWeatherUITests.xctest; sourceTree = BUILT_PRODUCTS_DIR; };
		127295542620AF7E002FFE07 /* googWeatherUITests.swift */ = {isa = PBXFileReference; lastKnownFileType = sourcecode.swift; path = googWeatherUITests.swift; sourceTree = "<group>"; };
		127295562620AF7E002FFE07 /* Info.plist */ = {isa = PBXFileReference; lastKnownFileType = text.plist.xml; path = Info.plist; sourceTree = "<group>"; };
		127295672620B143002FFE07 /* Weather.swift */ = {isa = PBXFileReference; lastKnownFileType = sourcecode.swift; path = Weather.swift; sourceTree = "<group>"; };
		127295702620BCBC002FFE07 /* WeatherService.swift */ = {isa = PBXFileReference; lastKnownFileType = sourcecode.swift; path = WeatherService.swift; sourceTree = "<group>"; };
/* End PBXFileReference section */

/* Begin PBXFrameworksBuildPhase section */
		1272952C2620AF7D002FFE07 /* Frameworks */ = {
			isa = PBXFrameworksBuildPhase;
			buildActionMask = 2147483647;
			files = (
			);
			runOnlyForDeploymentPostprocessing = 0;
		};
		127295422620AF7E002FFE07 /* Frameworks */ = {
			isa = PBXFrameworksBuildPhase;
			buildActionMask = 2147483647;
			files = (
			);
			runOnlyForDeploymentPostprocessing = 0;
		};
		1272954D2620AF7E002FFE07 /* Frameworks */ = {
			isa = PBXFrameworksBuildPhase;
			buildActionMask = 2147483647;
			files = (
			);
			runOnlyForDeploymentPostprocessing = 0;
		};
/* End PBXFrameworksBuildPhase section */

/* Begin PBXGroup section */
		127295262620AF7D002FFE07 = {
			isa = PBXGroup;
			children = (
				127295312620AF7E002FFE07 /* googWeather */,
				127295482620AF7E002FFE07 /* googWeatherTests */,
				127295532620AF7E002FFE07 /* googWeatherUITests */,
				127295302620AF7E002FFE07 /* Products */,
			);
			sourceTree = "<group>";
		};
		127295302620AF7E002FFE07 /* Products */ = {
			isa = PBXGroup;
			children = (
				1272952F2620AF7E002FFE07 /* googWeather.app */,
				127295452620AF7E002FFE07 /* googWeatherTests.xctest */,
				127295502620AF7E002FFE07 /* googWeatherUITests.xctest */,
			);
			name = Products;
			sourceTree = "<group>";
		};
		127295312620AF7E002FFE07 /* googWeather */ = {
			isa = PBXGroup;
			children = (
				1272956F2620BC99002FFE07 /* Services */,
				127295652620B0DB002FFE07 /* Models */,
				127295322620AF7E002FFE07 /* AppDelegate.swift */,
				127295342620AF7E002FFE07 /* SceneDelegate.swift */,
				127295362620AF7E002FFE07 /* ContentView.swift */,
				127295382620AF7E002FFE07 /* Assets.xcassets */,
				1272953D2620AF7E002FFE07 /* LaunchScreen.storyboard */,
				127295402620AF7E002FFE07 /* Info.plist */,
				1272953A2620AF7E002FFE07 /* Preview Content */,
			);
			path = googWeather;
			sourceTree = "<group>";
		};
		1272953A2620AF7E002FFE07 /* Preview Content */ = {
			isa = PBXGroup;
			children = (
				1272953B2620AF7E002FFE07 /* Preview Assets.xcassets */,
			);
			path = "Preview Content";
			sourceTree = "<group>";
		};
		127295482620AF7E002FFE07 /* googWeatherTests */ = {
			isa = PBXGroup;
			children = (
				127295492620AF7E002FFE07 /* googWeatherTests.swift */,
				1272954B2620AF7E002FFE07 /* Info.plist */,
			);
			path = googWeatherTests;
			sourceTree = "<group>";
		};
		127295532620AF7E002FFE07 /* googWeatherUITests */ = {
			isa = PBXGroup;
			children = (
				127295542620AF7E002FFE07 /* googWeatherUITests.swift */,
				127295562620AF7E002FFE07 /* Info.plist */,
			);
			path = googWeatherUITests;
			sourceTree = "<group>";
		};
		127295652620B0DB002FFE07 /* Models */ = {
			isa = PBXGroup;
			children = (
				127295672620B143002FFE07 /* Weather.swift */,
			);
			path = Models;
			sourceTree = "<group>";
		};
		1272956F2620BC99002FFE07 /* Services */ = {
			isa = PBXGroup;
			children = (
				127295702620BCBC002FFE07 /* WeatherService.swift */,
			);
			path = Services;
			sourceTree = "<group>";
		};
/* End PBXGroup section */

/* Begin PBXNativeTarget section */
		1272952E2620AF7D002FFE07 /* googWeather */ = {
			isa = PBXNativeTarget;
			buildConfigurationList = 127295592620AF7E002FFE07 /* Build configuration list for PBXNativeTarget "googWeather" */;
			buildPhases = (
				1272952B2620AF7D002FFE07 /* Sources */,
				1272952C2620AF7D002FFE07 /* Frameworks */,
				1272952D2620AF7D002FFE07 /* Resources */,
			);
			buildRules = (
			);
			dependencies = (
			);
			name = googWeather;
			productName = googWeather;
			productReference = 1272952F2620AF7E002FFE07 /* googWeather.app */;
			productType = "com.apple.product-type.application";
		};
		127295442620AF7E002FFE07 /* googWeatherTests */ = {
			isa = PBXNativeTarget;
			buildConfigurationList = 1272955C2620AF7E002FFE07 /* Build configuration list for PBXNativeTarget "googWeatherTests" */;
			buildPhases = (
				127295412620AF7E002FFE07 /* Sources */,
				127295422620AF7E002FFE07 /* Frameworks */,
				127295432620AF7E002FFE07 /* Resources */,
			);
			buildRules = (
			);
			dependencies = (
				127295472620AF7E002FFE07 /* PBXTargetDependency */,
			);
			name = googWeatherTests;
			productName = googWeatherTests;
			productReference = 127295452620AF7E002FFE07 /* googWeatherTests.xctest */;
			productType = "com.apple.product-type.bundle.unit-test";
		};
		1272954F2620AF7E002FFE07 /* googWeatherUITests */ = {
			isa = PBXNativeTarget;
			buildConfigurationList = 1272955F2620AF7E002FFE07 /* Build configuration list for PBXNativeTarget "googWeatherUITests" */;
			buildPhases = (
				1272954C2620AF7E002FFE07 /* Sources */,
				1272954D2620AF7E002FFE07 /* Frameworks */,
				1272954E2620AF7E002FFE07 /* Resources */,
			);
			buildRules = (
			);
			dependencies = (
				127295522620AF7E002FFE07 /* PBXTargetDependency */,
			);
			name = googWeatherUITests;
			productName = googWeatherUITests;
			productReference = 127295502620AF7E002FFE07 /* googWeatherUITests.xctest */;
			productType = "com.apple.product-type.bundle.ui-testing";
		};
/* End PBXNativeTarget section */

/* Begin PBXProject section */
		127295272620AF7D002FFE07 /* Project object */ = {
			isa = PBXProject;
			attributes = {
				LastSwiftUpdateCheck = 1240;
				LastUpgradeCheck = 1240;
				TargetAttributes = {
					1272952E2620AF7D002FFE07 = {
						CreatedOnToolsVersion = 12.4;
					};
					127295442620AF7E002FFE07 = {
						CreatedOnToolsVersion = 12.4;
						TestTargetID = 1272952E2620AF7D002FFE07;
					};
					1272954F2620AF7E002FFE07 = {
						CreatedOnToolsVersion = 12.4;
						TestTargetID = 1272952E2620AF7D002FFE07;
					};
				};
			};
			buildConfigurationList = 1272952A2620AF7D002FFE07 /* Build configuration list for PBXProject "googWeather" */;
			compatibilityVersion = "Xcode 9.3";
			developmentRegion = en;
			hasScannedForEncodings = 0;
			knownRegions = (
				en,
				Base,
			);
			mainGroup = 127295262620AF7D002FFE07;
			productRefGroup = 127295302620AF7E002FFE07 /* Products */;
			projectDirPath = "";
			projectRoot = "";
			targets = (
				1272952E2620AF7D002FFE07 /* googWeather */,
				127295442620AF7E002FFE07 /* googWeatherTests */,
				1272954F2620AF7E002FFE07 /* googWeatherUITests */,
			);
		};
/* End PBXProject section */

/* Begin PBXResourcesBuildPhase section */
		1272952D2620AF7D002FFE07 /* Resources */ = {
			isa = PBXResourcesBuildPhase;
			buildActionMask = 2147483647;
			files = (
				1272953F2620AF7E002FFE07 /* LaunchScreen.storyboard in Resources */,
				1272953C2620AF7E002FFE07 /* Preview Assets.xcassets in Resources */,
				127295392620AF7E002FFE07 /* Assets.xcassets in Resources */,
			);
			runOnlyForDeploymentPostprocessing = 0;
		};
		127295432620AF7E002FFE07 /* Resources */ = {
			isa = PBXResourcesBuildPhase;
			buildActionMask = 2147483647;
			files = (
			);
			runOnlyForDeploymentPostprocessing = 0;
		};
		1272954E2620AF7E002FFE07 /* Resources */ = {
			isa = PBXResourcesBuildPhase;
			buildActionMask = 2147483647;
			files = (
			);
			runOnlyForDeploymentPostprocessing = 0;
		};
/* End PBXResourcesBuildPhase section */

/* Begin PBXSourcesBuildPhase section */
		1272952B2620AF7D002FFE07 /* Sources */ = {
			isa = PBXSourcesBuildPhase;
			buildActionMask = 2147483647;
			files = (
				127295712620BCBC002FFE07 /* WeatherService.swift in Sources */,
				127295682620B143002FFE07 /* Weather.swift in Sources */,
				127295332620AF7E002FFE07 /* AppDelegate.swift in Sources */,
				127295352620AF7E002FFE07 /* SceneDelegate.swift in Sources */,
				127295372620AF7E002FFE07 /* ContentView.swift in Sources */,
			);
			runOnlyForDeploymentPostprocessing = 0;
		};
		127295412620AF7E002FFE07 /* Sources */ = {
			isa = PBXSourcesBuildPhase;
			buildActionMask = 2147483647;
			files = (
				1272954A2620AF7E002FFE07 /* googWeatherTests.swift in Sources */,
			);
			runOnlyForDeploymentPostprocessing = 0;
		};
		1272954C2620AF7E002FFE07 /* Sources */ = {
			isa = PBXSourcesBuildPhase;
			buildActionMask = 2147483647;
			files = (
				127295552620AF7E002FFE07 /* googWeatherUITests.swift in Sources */,
			);
			runOnlyForDeploymentPostprocessing = 0;
		};
/* End PBXSourcesBuildPhase section */

/* Begin PBXTargetDependency section */
		127295472620AF7E002FFE07 /* PBXTargetDependency */ = {
			isa = PBXTargetDependency;
			target = 1272952E2620AF7D002FFE07 /* googWeather */;
			targetProxy = 127295462620AF7E002FFE07 /* PBXContainerItemProxy */;
		};
		127295522620AF7E002FFE07 /* PBXTargetDependency */ = {
			isa = PBXTargetDependency;
			target = 1272952E2620AF7D002FFE07 /* googWeather */;
			targetProxy = 127295512620AF7E002FFE07 /* PBXContainerItemProxy */;
		};
/* End PBXTargetDependency section */

/* Begin PBXVariantGroup section */
		1272953D2620AF7E002FFE07 /* LaunchScreen.storyboard */ = {
			isa = PBXVariantGroup;
			children = (
				1272953E2620AF7E002FFE07 /* Base */,
			);
			name = LaunchScreen.storyboard;
			sourceTree = "<group>";
		};
/* End PBXVariantGroup section */

/* Begin XCBuildConfiguration section */
		127295572620AF7E002FFE07 /* Debug */ = {
			isa = XCBuildConfiguration;
			buildSettings = {
				ALWAYS_SEARCH_USER_PATHS = NO;
				CLANG_ANALYZER_NONNULL = YES;
				CLANG_ANALYZER_NUMBER_OBJECT_CONVERSION = YES_AGGRESSIVE;
				CLANG_CXX_LANGUAGE_STANDARD = "gnu++14";
				CLANG_CXX_LIBRARY = "libc++";
				CLANG_ENABLE_MODULES = YES;
				CLANG_ENABLE_OBJC_ARC = YES;
				CLANG_ENABLE_OBJC_WEAK = YES;
				CLANG_WARN_BLOCK_CAPTURE_AUTORELEASING = YES;
				CLANG_WARN_BOOL_CONVERSION = YES;
				CLANG_WARN_COMMA = YES;
				CLANG_WARN_CONSTANT_CONVERSION = YES;
				CLANG_WARN_DEPRECATED_OBJC_IMPLEMENTATIONS = YES;
				CLANG_WARN_DIRECT_OBJC_ISA_USAGE = YES_ERROR;
				CLANG_WARN_DOCUMENTATION_COMMENTS = YES;
				CLANG_WARN_EMPTY_BODY = YES;
				CLANG_WARN_ENUM_CONVERSION = YES;
				CLANG_WARN_INFINITE_RECURSION = YES;
				CLANG_WARN_INT_CONVERSION = YES;
				CLANG_WARN_NON_LITERAL_NULL_CONVERSION = YES;
				CLANG_WARN_OBJC_IMPLICIT_RETAIN_SELF = YES;
				CLANG_WARN_OBJC_LITERAL_CONVERSION = YES;
				CLANG_WARN_OBJC_ROOT_CLASS = YES_ERROR;
				CLANG_WARN_QUOTED_INCLUDE_IN_FRAMEWORK_HEADER = YES;
				CLANG_WARN_RANGE_LOOP_ANALYSIS = YES;
				CLANG_WARN_STRICT_PROTOTYPES = YES;
				CLANG_WARN_SUSPICIOUS_MOVE = YES;
				CLANG_WARN_UNGUARDED_AVAILABILITY = YES_AGGRESSIVE;
				CLANG_WARN_UNREACHABLE_CODE = YES;
				CLANG_WARN__DUPLICATE_METHOD_MATCH = YES;
				COPY_PHASE_STRIP = NO;
				DEBUG_INFORMATION_FORMAT = dwarf;
				ENABLE_STRICT_OBJC_MSGSEND = YES;
				ENABLE_TESTABILITY = YES;
				GCC_C_LANGUAGE_STANDARD = gnu11;
				GCC_DYNAMIC_NO_PIC = NO;
				GCC_NO_COMMON_BLOCKS = YES;
				GCC_OPTIMIZATION_LEVEL = 0;
				GCC_PREPROCESSOR_DEFINITIONS = (
					"DEBUG=1",
					"$(inherited)",
				);
				GCC_WARN_64_TO_32_BIT_CONVERSION = YES;
				GCC_WARN_ABOUT_RETURN_TYPE = YES_ERROR;
				GCC_WARN_UNDECLARED_SELECTOR = YES;
				GCC_WARN_UNINITIALIZED_AUTOS = YES_AGGRESSIVE;
				GCC_WARN_UNUSED_FUNCTION = YES;
				GCC_WARN_UNUSED_VARIABLE = YES;
				IPHONEOS_DEPLOYMENT_TARGET = 14.4;
				MTL_ENABLE_DEBUG_INFO = INCLUDE_SOURCE;
				MTL_FAST_MATH = YES;
				ONLY_ACTIVE_ARCH = YES;
				SDKROOT = iphoneos;
				SWIFT_ACTIVE_COMPILATION_CONDITIONS = DEBUG;
				SWIFT_OPTIMIZATION_LEVEL = "-Onone";
			};
			name = Debug;
		};
		127295582620AF7E002FFE07 /* Release */ = {
			isa = XCBuildConfiguration;
			buildSettings = {
				ALWAYS_SEARCH_USER_PATHS = NO;
				CLANG_ANALYZER_NONNULL = YES;
				CLANG_ANALYZER_NUMBER_OBJECT_CONVERSION = YES_AGGRESSIVE;
				CLANG_CXX_LANGUAGE_STANDARD = "gnu++14";
				CLANG_CXX_LIBRARY = "libc++";
				CLANG_ENABLE_MODULES = YES;
				CLANG_ENABLE_OBJC_ARC = YES;
				CLANG_ENABLE_OBJC_WEAK = YES;
				CLANG_WARN_BLOCK_CAPTURE_AUTORELEASING = YES;
				CLANG_WARN_BOOL_CONVERSION = YES;
				CLANG_WARN_COMMA = YES;
				CLANG_WARN_CONSTANT_CONVERSION = YES;
				CLANG_WARN_DEPRECATED_OBJC_IMPLEMENTATIONS = YES;
				CLANG_WARN_DIRECT_OBJC_ISA_USAGE = YES_ERROR;
				CLANG_WARN_DOCUMENTATION_COMMENTS = YES;
				CLANG_WARN_EMPTY_BODY = YES;
				CLANG_WARN_ENUM_CONVERSION = YES;
				CLANG_WARN_INFINITE_RECURSION = YES;
				CLANG_WARN_INT_CONVERSION = YES;
				CLANG_WARN_NON_LITERAL_NULL_CONVERSION = YES;
				CLANG_WARN_OBJC_IMPLICIT_RETAIN_SELF = YES;
				CLANG_WARN_OBJC_LITERAL_CONVERSION = YES;
				CLANG_WARN_OBJC_ROOT_CLASS = YES_ERROR;
				CLANG_WARN_QUOTED_INCLUDE_IN_FRAMEWORK_HEADER = YES;
				CLANG_WARN_RANGE_LOOP_ANALYSIS = YES;
				CLANG_WARN_STRICT_PROTOTYPES = YES;
				CLANG_WARN_SUSPICIOUS_MOVE = YES;
				CLANG_WARN_UNGUARDED_AVAILABILITY = YES_AGGRESSIVE;
				CLANG_WARN_UNREACHABLE_CODE = YES;
				CLANG_WARN__DUPLICATE_METHOD_MATCH = YES;
				COPY_PHASE_STRIP = NO;
				DEBUG_INFORMATION_FORMAT = "dwarf-with-dsym";
				ENABLE_NS_ASSERTIONS = NO;
				ENABLE_STRICT_OBJC_MSGSEND = YES;
				GCC_C_LANGUAGE_STANDARD = gnu11;
				GCC_NO_COMMON_BLOCKS = YES;
				GCC_WARN_64_TO_32_BIT_CONVERSION = YES;
				GCC_WARN_ABOUT_RETURN_TYPE = YES_ERROR;
				GCC_WARN_UNDECLARED_SELECTOR = YES;
				GCC_WARN_UNINITIALIZED_AUTOS = YES_AGGRESSIVE;
				GCC_WARN_UNUSED_FUNCTION = YES;
				GCC_WARN_UNUSED_VARIABLE = YES;
				IPHONEOS_DEPLOYMENT_TARGET = 14.4;
				MTL_ENABLE_DEBUG_INFO = NO;
				MTL_FAST_MATH = YES;
				SDKROOT = iphoneos;
				SWIFT_COMPILATION_MODE = wholemodule;
				SWIFT_OPTIMIZATION_LEVEL = "-O";
				VALIDATE_PRODUCT = YES;
			};
			name = Release;
		};
		1272955A2620AF7E002FFE07 /* Debug */ = {
			isa = XCBuildConfiguration;
			buildSettings = {
				ASSETCATALOG_COMPILER_APPICON_NAME = AppIcon;
				ASSETCATALOG_COMPILER_GLOBAL_ACCENT_COLOR_NAME = AccentColor;
				CODE_SIGN_STYLE = Automatic;
				DEVELOPMENT_ASSET_PATHS = "\"googWeather/Preview Content\"";
				DEVELOPMENT_TEAM = WUG55N4523;
				ENABLE_PREVIEWS = YES;
				INFOPLIST_FILE = googWeather/Info.plist;
				LD_RUNPATH_SEARCH_PATHS = (
					"$(inherited)",
					"@executable_path/Frameworks",
				);
				PRODUCT_BUNDLE_IDENTIFIER = DioniosiusDev.googWeather;
				PRODUCT_NAME = "$(TARGET_NAME)";
				SWIFT_VERSION = 5.0;
				TARGETED_DEVICE_FAMILY = "1,2";
			};
			name = Debug;
		};
		1272955B2620AF7E002FFE07 /* Release */ = {
			isa = XCBuildConfiguration;
			buildSettings = {
				ASSETCATALOG_COMPILER_APPICON_NAME = AppIcon;
				ASSETCATALOG_COMPILER_GLOBAL_ACCENT_COLOR_NAME = AccentColor;
				CODE_SIGN_STYLE = Automatic;
				DEVELOPMENT_ASSET_PATHS = "\"googWeather/Preview Content\"";
				DEVELOPMENT_TEAM = WUG55N4523;
				ENABLE_PREVIEWS = YES;
				INFOPLIST_FILE = googWeather/Info.plist;
				LD_RUNPATH_SEARCH_PATHS = (
					"$(inherited)",
					"@executable_path/Frameworks",
				);
				PRODUCT_BUNDLE_IDENTIFIER = DioniosiusDev.googWeather;
				PRODUCT_NAME = "$(TARGET_NAME)";
				SWIFT_VERSION = 5.0;
				TARGETED_DEVICE_FAMILY = "1,2";
			};
			name = Release;
		};
		1272955D2620AF7E002FFE07 /* Debug */ = {
			isa = XCBuildConfiguration;
			buildSettings = {
				ALWAYS_EMBED_SWIFT_STANDARD_LIBRARIES = YES;
				BUNDLE_LOADER = "$(TEST_HOST)";
				CODE_SIGN_STYLE = Automatic;
				DEVELOPMENT_TEAM = WUG55N4523;
				INFOPLIST_FILE = googWeatherTests/Info.plist;
				IPHONEOS_DEPLOYMENT_TARGET = 14.4;
				LD_RUNPATH_SEARCH_PATHS = (
					"$(inherited)",
					"@executable_path/Frameworks",
					"@loader_path/Frameworks",
				);
				PRODUCT_BUNDLE_IDENTIFIER = DioniosiusDev.googWeatherTests;
				PRODUCT_NAME = "$(TARGET_NAME)";
				SWIFT_VERSION = 5.0;
				TARGETED_DEVICE_FAMILY = "1,2";
				TEST_HOST = "$(BUILT_PRODUCTS_DIR)/googWeather.app/googWeather";
			};
			name = Debug;
		};
		1272955E2620AF7E002FFE07 /* Release */ = {
			isa = XCBuildConfiguration;
			buildSettings = {
				ALWAYS_EMBED_SWIFT_STANDARD_LIBRARIES = YES;
				BUNDLE_LOADER = "$(TEST_HOST)";
				CODE_SIGN_STYLE = Automatic;
				DEVELOPMENT_TEAM = WUG55N4523;
				INFOPLIST_FILE = googWeatherTests/Info.plist;
				IPHONEOS_DEPLOYMENT_TARGET = 14.4;
				LD_RUNPATH_SEARCH_PATHS = (
					"$(inherited)",
					"@executable_path/Frameworks",
					"@loader_path/Frameworks",
				);
				PRODUCT_BUNDLE_IDENTIFIER = DioniosiusDev.googWeatherTests;
				PRODUCT_NAME = "$(TARGET_NAME)";
				SWIFT_VERSION = 5.0;
				TARGETED_DEVICE_FAMILY = "1,2";
				TEST_HOST = "$(BUILT_PRODUCTS_DIR)/googWeather.app/googWeather";
			};
			name = Release;
		};
		127295602620AF7E002FFE07 /* Debug */ = {
			isa = XCBuildConfiguration;
			buildSettings = {
				ALWAYS_EMBED_SWIFT_STANDARD_LIBRARIES = YES;
				CODE_SIGN_STYLE = Automatic;
				DEVELOPMENT_TEAM = WUG55N4523;
				INFOPLIST_FILE = googWeatherUITests/Info.plist;
				LD_RUNPATH_SEARCH_PATHS = (
					"$(inherited)",
					"@executable_path/Frameworks",
					"@loader_path/Frameworks",
				);
				PRODUCT_BUNDLE_IDENTIFIER = DioniosiusDev.googWeatherUITests;
				PRODUCT_NAME = "$(TARGET_NAME)";
				SWIFT_VERSION = 5.0;
				TARGETED_DEVICE_FAMILY = "1,2";
				TEST_TARGET_NAME = googWeather;
			};
			name = Debug;
		};
		127295612620AF7E002FFE07 /* Release */ = {
			isa = XCBuildConfiguration;
			buildSettings = {
				ALWAYS_EMBED_SWIFT_STANDARD_LIBRARIES = YES;
				CODE_SIGN_STYLE = Automatic;
				DEVELOPMENT_TEAM = WUG55N4523;
				INFOPLIST_FILE = googWeatherUITests/Info.plist;
				LD_RUNPATH_SEARCH_PATHS = (
					"$(inherited)",
					"@executable_path/Frameworks",
					"@loader_path/Frameworks",
				);
				PRODUCT_BUNDLE_IDENTIFIER = DioniosiusDev.googWeatherUITests;
				PRODUCT_NAME = "$(TARGET_NAME)";
				SWIFT_VERSION = 5.0;
				TARGETED_DEVICE_FAMILY = "1,2";
				TEST_TARGET_NAME = googWeather;
			};
			name = Release;
		};
/* End XCBuildConfiguration section */

/* Begin XCConfigurationList section */
		1272952A2620AF7D002FFE07 /* Build configuration list for PBXProject "googWeather" */ = {
			isa = XCConfigurationList;
			buildConfigurations = (
				127295572620AF7E002FFE07 /* Debug */,
				127295582620AF7E002FFE07 /* Release */,
			);
			defaultConfigurationIsVisible = 0;
			defaultConfigurationName = Release;
		};
		127295592620AF7E002FFE07 /* Build configuration list for PBXNativeTarget "googWeather" */ = {
			isa = XCConfigurationList;
			buildConfigurations = (
				1272955A2620AF7E002FFE07 /* Debug */,
				1272955B2620AF7E002FFE07 /* Release */,
			);
			defaultConfigurationIsVisible = 0;
			defaultConfigurationName = Release;
		};
		1272955C2620AF7E002FFE07 /* Build configuration list for PBXNativeTarget "googWeatherTests" */ = {
			isa = XCConfigurationList;
			buildConfigurations = (
				1272955D2620AF7E002FFE07 /* Debug */,
				1272955E2620AF7E002FFE07 /* Release */,
			);
			defaultConfigurationIsVisible = 0;
			defaultConfigurationName = Release;
		};
		1272955F2620AF7E002FFE07 /* Build configuration list for PBXNativeTarget "googWeatherUITests" */ = {
			isa = XCConfigurationList;
			buildConfigurations = (
				127295602620AF7E002FFE07 /* Debug */,
				127295612620AF7E002FFE07 /* Release */,
			);
			defaultConfigurationIsVisible = 0;
			defaultConfigurationName = Release;
		};
/* End XCConfigurationList section */
	};
	rootObject = 127295272620AF7D002FFE07 /* Project object */;
}
